
Microsoft Visual Studio Solution File, Format Version 12.00
# Visual Studio 14
VisualStudioVersion = 14.0.24720.0
MinimumVisualStudioVersion = 10.0.40219.1
Project("{FAE04EC0-301F-11D3-BF4B-00C04F79EFBC}") = "Aida.Core", "Aida.Core\Aida.Core.csproj", "{14D8815E-32FF-4B98-B46F-DB6EF78C84BE}"
EndProject
Project("{FAE04EC0-301F-11D3-BF4B-00C04F79EFBC}") = "Aida.WindowsServices", "Aida.WindowsServices\Aida.WindowsServices.csproj", "{8FF5B212-CE42-4CF0-BEF3-83ED69F2341C}"
EndProject
Project("{FAE04EC0-301F-11D3-BF4B-00C04F79EFBC}") = "Aida.ConsoleApplication", "Aida.ConsoleApplication\Aida.ConsoleApplication.csproj", "{FCEB5BF9-0133-4FDC-8B1E-F0CBEE1569C3}"
EndProject
Project("{54435603-DBB4-11D2-8724-00A0C9A8B90C}") = "Aida.SetupWizard", "Aida.SetupWizard\Aida.SetupWizard.vdproj", "{A016E7DE-C8FB-43AC-AACC-EA17C783186B}"
EndProject
Global
	GlobalSection(SolutionConfigurationPlatforms) = preSolution
		Debug|Any CPU = Debug|Any CPU
		Release|Any CPU = Release|Any CPU
	EndGlobalSection
	GlobalSection(ProjectConfigurationPlatforms) = postSolution
		{14D8815E-32FF-4B98-B46F-DB6EF78C84BE}.Debug|Any CPU.ActiveCfg = Debug|Any CPU
		{14D8815E-32FF-4B98-B46F-DB6EF78C84BE}.Debug|Any CPU.Build.0 = Debug|Any CPU
		{14D8815E-32FF-4B98-B46F-DB6EF78C84BE}.Release|Any CPU.ActiveCfg = Release|Any CPU
		{14D8815E-32FF-4B98-B46F-DB6EF78C84BE}.Release|Any CPU.Build.0 = Release|Any CPU
		{8FF5B212-CE42-4CF0-BEF3-83ED69F2341C}.Debug|Any CPU.ActiveCfg = Debug|Any CPU
		{8FF5B212-CE42-4CF0-BEF3-83ED69F2341C}.Debug|Any CPU.Build.0 = Debug|Any CPU
		{8FF5B212-CE42-4CF0-BEF3-83ED69F2341C}.Release|Any CPU.ActiveCfg = Release|Any CPU
		{8FF5B212-CE42-4CF0-BEF3-83ED69F2341C}.Release|Any CPU.Build.0 = Release|Any CPU
		{FCEB5BF9-0133-4FDC-8B1E-F0CBEE1569C3}.Debug|Any CPU.ActiveCfg = Debug|Any CPU
		{FCEB5BF9-0133-4FDC-8B1E-F0CBEE1569C3}.Debug|Any CPU.Build.0 = Debug|Any CPU
		{FCEB5BF9-0133-4FDC-8B1E-F0CBEE1569C3}.Release|Any CPU.ActiveCfg = Release|Any CPU
		{FCEB5BF9-0133-4FDC-8B1E-F0CBEE1569C3}.Release|Any CPU.Build.0 = Release|Any CPU
		{A016E7DE-C8FB-43AC-AACC-EA17C783186B}.Debug|Any CPU.ActiveCfg = Debug
		{A016E7DE-C8FB-43AC-AACC-EA17C783186B}.Release|Any CPU.ActiveCfg = Release
	EndGlobalSection
	GlobalSection(SolutionProperties) = preSolution
		HideSolutionNode = FALSE
	EndGlobalSection
EndGlobal
